
Microsoft Visual Studio Solution File, Format Version 12.00
# Visual Studio 15
VisualStudioVersion = 15.0.28307.168
MinimumVisualStudioVersion = 10.0.40219.1
Project("{FAE04EC0-301F-11D3-BF4B-00C04F79EFBC}") = "KPMGAddin", "KPMGAddin\KPMGAddin.csproj", "{0458CC10-B81E-42EB-9F23-E1F2A6FC583A}"
EndProject
Global
	GlobalSection(SolutionConfigurationPlatforms) = preSolution
		Debug|Any CPU = Debug|Any CPU
		Release|Any CPU = Release|Any CPU
	EndGlobalSection
	GlobalSection(ProjectConfigurationPlatforms) = postSolution
		{0458CC10-B81E-42EB-9F23-E1F2A6FC583A}.Debug|Any CPU.ActiveCfg = Debug|Any CPU
		{0458CC10-B81E-42EB-9F23-E1F2A6FC583A}.Debug|Any CPU.Build.0 = Debug|Any CPU
		{0458CC10-B81E-42EB-9F23-E1F2A6FC583A}.Release|Any CPU.ActiveCfg = Release|Any CPU
		{0458CC10-B81E-42EB-9F23-E1F2A6FC583A}.Release|Any CPU.Build.0 = Release|Any CPU
	EndGlobalSection
	GlobalSection(SolutionProperties) = preSolution
		HideSolutionNode = FALSE
	EndGlobalSection
	GlobalSection(ExtensibilityGlobals) = postSolution
		SolutionGuid = {96C5F09D-5A5D-45E6-BE8F-39A4D27172D0}
	EndGlobalSection
EndGlobal
